
Microsoft Visual Studio Solution File, Format Version 12.00
# Visual Studio Version 17
VisualStudioVersion = 17.4.33403.182
MinimumVisualStudioVersion = 10.0.40219.1
Project("{8BC9CEB8-8B4A-11D0-8D11-00A0C91BC942}") = "CProj", "CProj\CProj.vcxproj", "{7CB702B0-352D-435B-833F-23E7D686587B}"
EndProject
Project("{8BC9CEB8-8B4A-11D0-8D11-00A0C91BC942}") = "day2", "day2\day2.vcxproj", "{FD121808-A61A-4860-8B30-FF0BB324B8D0}"
EndProject
Project("{8BC9CEB8-8B4A-11D0-8D11-00A0C91BC942}") = "day3", "day3\day3.vcxproj", "{96D2F55E-C179-448B-B902-556DB030F2AB}"
EndProject
Project("{8BC9CEB8-8B4A-11D0-8D11-00A0C91BC942}") = "day4", "day4\day4.vcxproj", "{0768B2F8-E199-4412-B42A-6BF4C750747D}"
EndProject
Project("{8BC9CEB8-8B4A-11D0-8D11-00A0C91BC942}") = "day7", "day7.cpp\day7.cpp.vcxproj", "{73EB7C46-50EE-4E82-B574-32236D5336DC}"
EndProject
Project("{8BC9CEB8-8B4A-11D0-8D11-00A0C91BC942}") = "day8", "day8\day8.vcxproj", "{FF41F3C8-348E-423A-8A4A-CAA5E8FE860E}"
EndProject
Project("{8BC9CEB8-8B4A-11D0-8D11-00A0C91BC942}") = "Calculator", "Calculator\Calculator.vcxproj", "{D0B08FFE-4B9F-4860-9E6F-F4DF079654C0}"
EndProject
Global
	GlobalSection(SolutionConfigurationPlatforms) = preSolution
		Debug|x64 = Debug|x64
		Debug|x86 = Debug|x86
		Release|x64 = Release|x64
		Release|x86 = Release|x86
	EndGlobalSection
	GlobalSection(ProjectConfigurationPlatforms) = postSolution
		{7CB702B0-352D-435B-833F-23E7D686587B}.Debug|x64.ActiveCfg = Debug|x64
		{7CB702B0-352D-435B-833F-23E7D686587B}.Debug|x64.Build.0 = Debug|x64
		{7CB702B0-352D-435B-833F-23E7D686587B}.Debug|x86.ActiveCfg = Debug|Win32
		{7CB702B0-352D-435B-833F-23E7D686587B}.Debug|x86.Build.0 = Debug|Win32
		{7CB702B0-352D-435B-833F-23E7D686587B}.Release|x64.ActiveCfg = Release|x64
		{7CB702B0-352D-435B-833F-23E7D686587B}.Release|x64.Build.0 = Release|x64
		{7CB702B0-352D-435B-833F-23E7D686587B}.Release|x86.ActiveCfg = Release|Win32
		{7CB702B0-352D-435B-833F-23E7D686587B}.Release|x86.Build.0 = Release|Win32
		{FD121808-A61A-4860-8B30-FF0BB324B8D0}.Debug|x64.ActiveCfg = Debug|x64
		{FD121808-A61A-4860-8B30-FF0BB324B8D0}.Debug|x64.Build.0 = Debug|x64
		{FD121808-A61A-4860-8B30-FF0BB324B8D0}.Debug|x86.ActiveCfg = Debug|Win32
		{FD121808-A61A-4860-8B30-FF0BB324B8D0}.Debug|x86.Build.0 = Debug|Win32
		{FD121808-A61A-4860-8B30-FF0BB324B8D0}.Release|x64.ActiveCfg = Release|x64
		{FD121808-A61A-4860-8B30-FF0BB324B8D0}.Release|x64.Build.0 = Release|x64
		{FD121808-A61A-4860-8B30-FF0BB324B8D0}.Release|x86.ActiveCfg = Release|Win32
		{FD121808-A61A-4860-8B30-FF0BB324B8D0}.Release|x86.Build.0 = Release|Win32
		{96D2F55E-C179-448B-B902-556DB030F2AB}.Debug|x64.ActiveCfg = Debug|x64
		{96D2F55E-C179-448B-B902-556DB030F2AB}.Debug|x64.Build.0 = Debug|x64
		{96D2F55E-C179-448B-B902-556DB030F2AB}.Debug|x86.ActiveCfg = Debug|Win32
		{96D2F55E-C179-448B-B902-556DB030F2AB}.Debug|x86.Build.0 = Debug|Win32
		{96D2F55E-C179-448B-B902-556DB030F2AB}.Release|x64.ActiveCfg = Release|x64
		{96D2F55E-C179-448B-B902-556DB030F2AB}.Release|x64.Build.0 = Release|x64
		{96D2F55E-C179-448B-B902-556DB030F2AB}.Release|x86.ActiveCfg = Release|Win32
		{96D2F55E-C179-448B-B902-556DB030F2AB}.Release|x86.Build.0 = Release|Win32
		{0768B2F8-E199-4412-B42A-6BF4C750747D}.Debug|x64.ActiveCfg = Debug|x64
		{0768B2F8-E199-4412-B42A-6BF4C750747D}.Debug|x64.Build.0 = Debug|x64
		{0768B2F8-E199-4412-B42A-6BF4C750747D}.Debug|x86.ActiveCfg = Debug|Win32
		{0768B2F8-E199-4412-B42A-6BF4C750747D}.Debug|x86.Build.0 = Debug|Win32
		{0768B2F8-E199-4412-B42A-6BF4C750747D}.Release|x64.ActiveCfg = Release|x64
		{0768B2F8-E199-4412-B42A-6BF4C750747D}.Release|x64.Build.0 = Release|x64
		{0768B2F8-E199-4412-B42A-6BF4C750747D}.Release|x86.ActiveCfg = Release|Win32
		{0768B2F8-E199-4412-B42A-6BF4C750747D}.Release|x86.Build.0 = Release|Win32
		{73EB7C46-50EE-4E82-B574-32236D5336DC}.Debug|x64.ActiveCfg = Debug|x64
		{73EB7C46-50EE-4E82-B574-32236D5336DC}.Debug|x64.Build.0 = Debug|x64
		{73EB7C46-50EE-4E82-B574-32236D5336DC}.Debug|x86.ActiveCfg = Debug|Win32
		{73EB7C46-50EE-4E82-B574-32236D5336DC}.Debug|x86.Build.0 = Debug|Win32
		{73EB7C46-50EE-4E82-B574-32236D5336DC}.Release|x64.ActiveCfg = Release|x64
		{73EB7C46-50EE-4E82-B574-32236D5336DC}.Release|x64.Build.0 = Release|x64
		{73EB7C46-50EE-4E82-B574-32236D5336DC}.Release|x86.ActiveCfg = Release|Win32
		{73EB7C46-50EE-4E82-B574-32236D5336DC}.Release|x86.Build.0 = Release|Win32
		{FF41F3C8-348E-423A-8A4A-CAA5E8FE860E}.Debug|x64.ActiveCfg = Debug|x64
		{FF41F3C8-348E-423A-8A4A-CAA5E8FE860E}.Debug|x64.Build.0 = Debug|x64
		{FF41F3C8-348E-423A-8A4A-CAA5E8FE860E}.Debug|x86.ActiveCfg = Debug|Win32
		{FF41F3C8-348E-423A-8A4A-CAA5E8FE860E}.Debug|x86.Build.0 = Debug|Win32
		{FF41F3C8-348E-423A-8A4A-CAA5E8FE860E}.Release|x64.ActiveCfg = Release|x64
		{FF41F3C8-348E-423A-8A4A-CAA5E8FE860E}.Release|x64.Build.0 = Release|x64
		{FF41F3C8-348E-423A-8A4A-CAA5E8FE860E}.Release|x86.ActiveCfg = Release|Win32
		{FF41F3C8-348E-423A-8A4A-CAA5E8FE860E}.Release|x86.Build.0 = Release|Win32
		{D0B08FFE-4B9F-4860-9E6F-F4DF079654C0}.Debug|x64.ActiveCfg = Debug|x64
		{D0B08FFE-4B9F-4860-9E6F-F4DF079654C0}.Debug|x64.Build.0 = Debug|x64
		{D0B08FFE-4B9F-4860-9E6F-F4DF079654C0}.Debug|x86.ActiveCfg = Debug|Win32
		{D0B08FFE-4B9F-4860-9E6F-F4DF079654C0}.Debug|x86.Build.0 = Debug|Win32
		{D0B08FFE-4B9F-4860-9E6F-F4DF079654C0}.Release|x64.ActiveCfg = Release|x64
		{D0B08FFE-4B9F-4860-9E6F-F4DF079654C0}.Release|x64.Build.0 = Release|x64
		{D0B08FFE-4B9F-4860-9E6F-F4DF079654C0}.Release|x86.ActiveCfg = Release|Win32
		{D0B08FFE-4B9F-4860-9E6F-F4DF079654C0}.Release|x86.Build.0 = Release|Win32
	EndGlobalSection
	GlobalSection(SolutionProperties) = preSolution
		HideSolutionNode = FALSE
	EndGlobalSection
	GlobalSection(ExtensibilityGlobals) = postSolution
		SolutionGuid = {5FCC111B-A327-4BA5-8F1D-FD65311150AC}
	EndGlobalSection
EndGlobal
